
Microsoft Visual Studio Solution File, Format Version 12.00
# Visual Studio Version 17
VisualStudioVersion = 17.6.33723.286
MinimumVisualStudioVersion = 10.0.40219.1
Project("{FAE04EC0-301F-11D3-BF4B-00C04F79EFBC}") = "Vaz 2108", "Vaz 2108\Vaz 2108.csproj", "{63DF7B2C-D332-496A-A96E-6A41A95C988B}"
EndProject
Global
	GlobalSection(SolutionConfigurationPlatforms) = preSolution
		Debug|Any CPU = Debug|Any CPU
		Release|Any CPU = Release|Any CPU
	EndGlobalSection
	GlobalSection(ProjectConfigurationPlatforms) = postSolution
		{63DF7B2C-D332-496A-A96E-6A41A95C988B}.Debug|Any CPU.ActiveCfg = Debug|Any CPU
		{63DF7B2C-D332-496A-A96E-6A41A95C988B}.Debug|Any CPU.Build.0 = Debug|Any CPU
		{63DF7B2C-D332-496A-A96E-6A41A95C988B}.Release|Any CPU.ActiveCfg = Release|Any CPU
		{63DF7B2C-D332-496A-A96E-6A41A95C988B}.Release|Any CPU.Build.0 = Release|Any CPU
	EndGlobalSection
	GlobalSection(SolutionProperties) = preSolution
		HideSolutionNode = FALSE
	EndGlobalSection
	GlobalSection(ExtensibilityGlobals) = postSolution
		SolutionGuid = {39B9BF67-CBCA-4357-9360-D7E4A87AEFF9}
	EndGlobalSection
EndGlobal
